// !$*UTF8*$!
{
	archiveVersion = 1;
	classes = {
	};
	objectVersion = 46;
	objects = {

/* Begin PBXBuildFile section */
		BE199A641CBBDB420038BFF1 /* Cobalt.h in Headers */ = {isa = PBXBuildFile; fileRef = BE199A631CBBDB420038BFF1 /* Cobalt.h */; settings = {ATTRIBUTES = (Public, ); }; };
		BE199A6B1CBBDB420038BFF1 /* Cobalt.framework in Frameworks */ = {isa = PBXBuildFile; fileRef = BE199A601CBBDB410038BFF1 /* Cobalt.framework */; };
		BE199A701CBBDB420038BFF1 /* CobaltTests.m in Sources */ = {isa = PBXBuildFile; fileRef = BE199A6F1CBBDB420038BFF1 /* CobaltTests.m */; };
		BE199A7B1CBBDC7A0038BFF1 /* Cobalt.m in Sources */ = {isa = PBXBuildFile; fileRef = BE199A7A1CBBDC7A0038BFF1 /* Cobalt.m */; };
		BE199A801CBBDC8D0038BFF1 /* CobaltViewController.h in Headers */ = {isa = PBXBuildFile; fileRef = BE199A7D1CBBDC8D0038BFF1 /* CobaltViewController.h */; settings = {ATTRIBUTES = (Public, ); }; };
		BE199A811CBBDC8D0038BFF1 /* CobaltViewController.m in Sources */ = {isa = PBXBuildFile; fileRef = BE199A7E1CBBDC8D0038BFF1 /* CobaltViewController.m */; };
		BE199A821CBBDC8D0038BFF1 /* CobaltViewController.xib in Resources */ = {isa = PBXBuildFile; fileRef = BE199A7F1CBBDC8D0038BFF1 /* CobaltViewController.xib */; };
		BE199A871CBBDCA10038BFF1 /* CobaltFont.h in Headers */ = {isa = PBXBuildFile; fileRef = BE199A841CBBDCA10038BFF1 /* CobaltFont.h */; settings = {ATTRIBUTES = (Public, ); }; };
		BE199A881CBBDCA10038BFF1 /* CobaltFontManager.h in Headers */ = {isa = PBXBuildFile; fileRef = BE199A851CBBDCA10038BFF1 /* CobaltFontManager.h */; settings = {ATTRIBUTES = (Public, ); }; };
		BE199A891CBBDCA10038BFF1 /* CobaltFontManager.m in Sources */ = {isa = PBXBuildFile; fileRef = BE199A861CBBDCA10038BFF1 /* CobaltFontManager.m */; };
		BE199A8D1CBBDCBE0038BFF1 /* ImageManager.h in Headers */ = {isa = PBXBuildFile; fileRef = BE199A8B1CBBDCBE0038BFF1 /* ImageManager.h */; settings = {ATTRIBUTES = (Public, ); }; };
		BE199A8E1CBBDCBE0038BFF1 /* ImageManager.m in Sources */ = {isa = PBXBuildFile; fileRef = BE199A8C1CBBDCBE0038BFF1 /* ImageManager.m */; };
		BE199A941CBBDCD30038BFF1 /* CobaltAbstractPlugin.h in Headers */ = {isa = PBXBuildFile; fileRef = BE199A901CBBDCD30038BFF1 /* CobaltAbstractPlugin.h */; settings = {ATTRIBUTES = (Public, ); }; };
		BE199A951CBBDCD30038BFF1 /* CobaltAbstractPlugin.m in Sources */ = {isa = PBXBuildFile; fileRef = BE199A911CBBDCD30038BFF1 /* CobaltAbstractPlugin.m */; };
		BE199A961CBBDCD30038BFF1 /* CobaltPluginManager.h in Headers */ = {isa = PBXBuildFile; fileRef = BE199A921CBBDCD30038BFF1 /* CobaltPluginManager.h */; settings = {ATTRIBUTES = (Public, ); }; };
		BE199A971CBBDCD30038BFF1 /* CobaltPluginManager.m in Sources */ = {isa = PBXBuildFile; fileRef = BE199A931CBBDCD30038BFF1 /* CobaltPluginManager.m */; };
		BE199A9F1CBBDCF30038BFF1 /* BackBarButtonItem.h in Headers */ = {isa = PBXBuildFile; fileRef = BE199A9A1CBBDCF30038BFF1 /* BackBarButtonItem.h */; settings = {ATTRIBUTES = (Public, ); }; };
		BE199AA01CBBDCF30038BFF1 /* BackBarButtonItem.m in Sources */ = {isa = PBXBuildFile; fileRef = BE199A9B1CBBDCF30038BFF1 /* BackBarButtonItem.m */; };
		BE199AA11CBBDCF30038BFF1 /* backButton.png in Resources */ = {isa = PBXBuildFile; fileRef = BE199A9C1CBBDCF30038BFF1 /* backButton.png */; };
		BE199AA21CBBDCF30038BFF1 /* backButton@2x.png in Resources */ = {isa = PBXBuildFile; fileRef = BE199A9D1CBBDCF30038BFF1 /* backButton@2x.png */; };
		BE199AA31CBBDCF30038BFF1 /* backButton@3x.png in Resources */ = {isa = PBXBuildFile; fileRef = BE199A9E1CBBDCF30038BFF1 /* backButton@3x.png */; };
		BE199AAA1CBBDD090038BFF1 /* CobaltBarButtonItem.h in Headers */ = {isa = PBXBuildFile; fileRef = BE199AA41CBBDD090038BFF1 /* CobaltBarButtonItem.h */; settings = {ATTRIBUTES = (Public, ); }; };
		BE199AAB1CBBDD090038BFF1 /* CobaltBarButtonItem.m in Sources */ = {isa = PBXBuildFile; fileRef = BE199AA51CBBDD090038BFF1 /* CobaltBarButtonItem.m */; };
		BE199AAC1CBBDD090038BFF1 /* CobaltButton.h in Headers */ = {isa = PBXBuildFile; fileRef = BE199AA61CBBDD090038BFF1 /* CobaltButton.h */; settings = {ATTRIBUTES = (Public, ); }; };
		BE199AAD1CBBDD090038BFF1 /* CobaltButton.m in Sources */ = {isa = PBXBuildFile; fileRef = BE199AA71CBBDD090038BFF1 /* CobaltButton.m */; };
		BE199AAE1CBBDD090038BFF1 /* CobaltToast.h in Headers */ = {isa = PBXBuildFile; fileRef = BE199AA81CBBDD090038BFF1 /* CobaltToast.h */; settings = {ATTRIBUTES = (Public, ); }; };
		BE199AAF1CBBDD090038BFF1 /* CobaltToast.m in Sources */ = {isa = PBXBuildFile; fileRef = BE199AA91CBBDD090038BFF1 /* CobaltToast.m */; };
		BE199AB21CBBDD390038BFF1 /* Cobalt-Prefix.pch in Headers */ = {isa = PBXBuildFile; fileRef = BE199AB11CBBDD390038BFF1 /* Cobalt-Prefix.pch */; settings = {ATTRIBUTES = (Public, ); }; };
		BE199AB51CBBDD610038BFF1 /* Localizable.strings in Resources */ = {isa = PBXBuildFile; fileRef = BE199AB71CBBDD610038BFF1 /* Localizable.strings */; };
		BE199ABD1CBBDDF80038BFF1 /* iToast.h in Headers */ = {isa = PBXBuildFile; fileRef = BE199ABB1CBBDDF80038BFF1 /* iToast.h */; settings = {ATTRIBUTES = (Public, ); }; };
		BE199ABE1CBBDDF80038BFF1 /* iToast.m in Sources */ = {isa = PBXBuildFile; fileRef = BE199ABC1CBBDDF80038BFF1 /* iToast.m */; };
/* End PBXBuildFile section */

/* Begin PBXContainerItemProxy section */
		BE199A6C1CBBDB420038BFF1 /* PBXContainerItemProxy */ = {
			isa = PBXContainerItemProxy;
			containerPortal = BE199A571CBBDB410038BFF1 /* Project object */;
			proxyType = 1;
			remoteGlobalIDString = BE199A5F1CBBDB410038BFF1;
			remoteInfo = Cobalt;
		};
/* End PBXContainerItemProxy section */

/* Begin PBXFileReference section */
		BE199A601CBBDB410038BFF1 /* Cobalt.framework */ = {isa = PBXFileReference; explicitFileType = wrapper.framework; includeInIndex = 0; path = Cobalt.framework; sourceTree = BUILT_PRODUCTS_DIR; };
		BE199A631CBBDB420038BFF1 /* Cobalt.h */ = {isa = PBXFileReference; lastKnownFileType = sourcecode.c.h; path = Cobalt.h; sourceTree = "<group>"; };
		BE199A651CBBDB420038BFF1 /* Info.plist */ = {isa = PBXFileReference; lastKnownFileType = text.plist.xml; path = Info.plist; sourceTree = "<group>"; };
		BE199A6A1CBBDB420038BFF1 /* CobaltTests.xctest */ = {isa = PBXFileReference; explicitFileType = wrapper.cfbundle; includeInIndex = 0; path = CobaltTests.xctest; sourceTree = BUILT_PRODUCTS_DIR; };
		BE199A6F1CBBDB420038BFF1 /* CobaltTests.m */ = {isa = PBXFileReference; lastKnownFileType = sourcecode.c.objc; path = CobaltTests.m; sourceTree = "<group>"; };
		BE199A711CBBDB420038BFF1 /* Info.plist */ = {isa = PBXFileReference; lastKnownFileType = text.plist.xml; path = Info.plist; sourceTree = "<group>"; };
		BE199A7A1CBBDC7A0038BFF1 /* Cobalt.m */ = {isa = PBXFileReference; fileEncoding = 4; lastKnownFileType = sourcecode.c.objc; path = Cobalt.m; sourceTree = "<group>"; };
		BE199A7D1CBBDC8D0038BFF1 /* CobaltViewController.h */ = {isa = PBXFileReference; fileEncoding = 4; lastKnownFileType = sourcecode.c.h; path = CobaltViewController.h; sourceTree = "<group>"; };
		BE199A7E1CBBDC8D0038BFF1 /* CobaltViewController.m */ = {isa = PBXFileReference; fileEncoding = 4; lastKnownFileType = sourcecode.c.objc; path = CobaltViewController.m; sourceTree = "<group>"; };
		BE199A7F1CBBDC8D0038BFF1 /* CobaltViewController.xib */ = {isa = PBXFileReference; fileEncoding = 4; lastKnownFileType = file.xib; path = CobaltViewController.xib; sourceTree = "<group>"; };
		BE199A841CBBDCA10038BFF1 /* CobaltFont.h */ = {isa = PBXFileReference; fileEncoding = 4; lastKnownFileType = sourcecode.c.h; path = CobaltFont.h; sourceTree = "<group>"; };
		BE199A851CBBDCA10038BFF1 /* CobaltFontManager.h */ = {isa = PBXFileReference; fileEncoding = 4; lastKnownFileType = sourcecode.c.h; path = CobaltFontManager.h; sourceTree = "<group>"; };
		BE199A861CBBDCA10038BFF1 /* CobaltFontManager.m */ = {isa = PBXFileReference; fileEncoding = 4; lastKnownFileType = sourcecode.c.objc; path = CobaltFontManager.m; sourceTree = "<group>"; };
		BE199A8B1CBBDCBE0038BFF1 /* ImageManager.h */ = {isa = PBXFileReference; fileEncoding = 4; lastKnownFileType = sourcecode.c.h; path = ImageManager.h; sourceTree = "<group>"; };
		BE199A8C1CBBDCBE0038BFF1 /* ImageManager.m */ = {isa = PBXFileReference; fileEncoding = 4; lastKnownFileType = sourcecode.c.objc; path = ImageManager.m; sourceTree = "<group>"; };
		BE199A901CBBDCD30038BFF1 /* CobaltAbstractPlugin.h */ = {isa = PBXFileReference; fileEncoding = 4; lastKnownFileType = sourcecode.c.h; path = CobaltAbstractPlugin.h; sourceTree = "<group>"; };
		BE199A911CBBDCD30038BFF1 /* CobaltAbstractPlugin.m */ = {isa = PBXFileReference; fileEncoding = 4; lastKnownFileType = sourcecode.c.objc; path = CobaltAbstractPlugin.m; sourceTree = "<group>"; };
		BE199A921CBBDCD30038BFF1 /* CobaltPluginManager.h */ = {isa = PBXFileReference; fileEncoding = 4; lastKnownFileType = sourcecode.c.h; path = CobaltPluginManager.h; sourceTree = "<group>"; };
		BE199A931CBBDCD30038BFF1 /* CobaltPluginManager.m */ = {isa = PBXFileReference; fileEncoding = 4; lastKnownFileType = sourcecode.c.objc; path = CobaltPluginManager.m; sourceTree = "<group>"; };
		BE199A9A1CBBDCF30038BFF1 /* BackBarButtonItem.h */ = {isa = PBXFileReference; fileEncoding = 4; lastKnownFileType = sourcecode.c.h; path = BackBarButtonItem.h; sourceTree = "<group>"; };
		BE199A9B1CBBDCF30038BFF1 /* BackBarButtonItem.m */ = {isa = PBXFileReference; fileEncoding = 4; lastKnownFileType = sourcecode.c.objc; path = BackBarButtonItem.m; sourceTree = "<group>"; };
		BE199A9C1CBBDCF30038BFF1 /* backButton.png */ = {isa = PBXFileReference; lastKnownFileType = image.png; path = backButton.png; sourceTree = "<group>"; };
		BE199A9D1CBBDCF30038BFF1 /* backButton@2x.png */ = {isa = PBXFileReference; lastKnownFileType = image.png; path = "backButton@2x.png"; sourceTree = "<group>"; };
		BE199A9E1CBBDCF30038BFF1 /* backButton@3x.png */ = {isa = PBXFileReference; lastKnownFileType = image.png; path = "backButton@3x.png"; sourceTree = "<group>"; };
		BE199AA41CBBDD090038BFF1 /* CobaltBarButtonItem.h */ = {isa = PBXFileReference; fileEncoding = 4; lastKnownFileType = sourcecode.c.h; path = CobaltBarButtonItem.h; sourceTree = "<group>"; };
		BE199AA51CBBDD090038BFF1 /* CobaltBarButtonItem.m */ = {isa = PBXFileReference; fileEncoding = 4; lastKnownFileType = sourcecode.c.objc; path = CobaltBarButtonItem.m; sourceTree = "<group>"; };
		BE199AA61CBBDD090038BFF1 /* CobaltButton.h */ = {isa = PBXFileReference; fileEncoding = 4; lastKnownFileType = sourcecode.c.h; path = CobaltButton.h; sourceTree = "<group>"; };
		BE199AA71CBBDD090038BFF1 /* CobaltButton.m */ = {isa = PBXFileReference; fileEncoding = 4; lastKnownFileType = sourcecode.c.objc; path = CobaltButton.m; sourceTree = "<group>"; };
		BE199AA81CBBDD090038BFF1 /* CobaltToast.h */ = {isa = PBXFileReference; fileEncoding = 4; lastKnownFileType = sourcecode.c.h; path = CobaltToast.h; sourceTree = "<group>"; };
		BE199AA91CBBDD090038BFF1 /* CobaltToast.m */ = {isa = PBXFileReference; fileEncoding = 4; lastKnownFileType = sourcecode.c.objc; path = CobaltToast.m; sourceTree = "<group>"; };
		BE199AB11CBBDD390038BFF1 /* Cobalt-Prefix.pch */ = {isa = PBXFileReference; fileEncoding = 4; lastKnownFileType = sourcecode.c.h; path = "Cobalt-Prefix.pch"; sourceTree = "<group>"; };
		BE199AB61CBBDD610038BFF1 /* en */ = {isa = PBXFileReference; lastKnownFileType = text.plist.strings; name = en; path = en.lproj/Localizable.strings; sourceTree = "<group>"; };
		BE199AB81CBBDD8D0038BFF1 /* fr */ = {isa = PBXFileReference; lastKnownFileType = text.plist.strings; name = fr; path = fr.lproj/Localizable.strings; sourceTree = "<group>"; };
		BE199ABB1CBBDDF80038BFF1 /* iToast.h */ = {isa = PBXFileReference; fileEncoding = 4; lastKnownFileType = sourcecode.c.h; name = iToast.h; path = Cobalt/iToast.h; sourceTree = "<group>"; };
		BE199ABC1CBBDDF80038BFF1 /* iToast.m */ = {isa = PBXFileReference; fileEncoding = 4; lastKnownFileType = sourcecode.c.objc; name = iToast.m; path = Cobalt/iToast.m; sourceTree = "<group>"; };
/* End PBXFileReference section */

/* Begin PBXFrameworksBuildPhase section */
		BE199A5C1CBBDB410038BFF1 /* Frameworks */ = {
			isa = PBXFrameworksBuildPhase;
			buildActionMask = 2147483647;
			files = (
			);
			runOnlyForDeploymentPostprocessing = 0;
		};
		BE199A671CBBDB420038BFF1 /* Frameworks */ = {
			isa = PBXFrameworksBuildPhase;
			buildActionMask = 2147483647;
			files = (
				BE199A6B1CBBDB420038BFF1 /* Cobalt.framework in Frameworks */,
			);
			runOnlyForDeploymentPostprocessing = 0;
		};
/* End PBXFrameworksBuildPhase section */

/* Begin PBXGroup section */
		BE199A561CBBDB410038BFF1 = {
			isa = PBXGroup;
			children = (
				BE199A621CBBDB420038BFF1 /* Cobalt */,
				BE199AB91CBBDDE40038BFF1 /* Frameworks */,
				BE199A6E1CBBDB420038BFF1 /* CobaltTests */,
				BE199A611CBBDB410038BFF1 /* Products */,
			);
			sourceTree = "<group>";
		};
		BE199A611CBBDB410038BFF1 /* Products */ = {
			isa = PBXGroup;
			children = (
				BE199A601CBBDB410038BFF1 /* Cobalt.framework */,
				BE199A6A1CBBDB420038BFF1 /* CobaltTests.xctest */,
			);
			name = Products;
			sourceTree = "<group>";
		};
		BE199A621CBBDB420038BFF1 /* Cobalt */ = {
			isa = PBXGroup;
			children = (
				BE199A631CBBDB420038BFF1 /* Cobalt.h */,
				BE199A7A1CBBDC7A0038BFF1 /* Cobalt.m */,
				BE199A7C1CBBDC810038BFF1 /* Controller */,
				BE199A831CBBDC940038BFF1 /* Font */,
				BE199A8A1CBBDCA90038BFF1 /* Model */,
				BE199A8F1CBBDCC40038BFF1 /* Plugin */,
				BE199A981CBBDCDA0038BFF1 /* Views */,
				BE199AB01CBBDD240038BFF1 /* Supporting Files */,
			);
			path = Cobalt;
			sourceTree = "<group>";
		};
		BE199A6E1CBBDB420038BFF1 /* CobaltTests */ = {
			isa = PBXGroup;
			children = (
				BE199A6F1CBBDB420038BFF1 /* CobaltTests.m */,
				BE199A711CBBDB420038BFF1 /* Info.plist */,
			);
			path = CobaltTests;
			sourceTree = "<group>";
		};
		BE199A7C1CBBDC810038BFF1 /* Controller */ = {
			isa = PBXGroup;
			children = (
				BE199A7D1CBBDC8D0038BFF1 /* CobaltViewController.h */,
				BE199A7E1CBBDC8D0038BFF1 /* CobaltViewController.m */,
				BE199A7F1CBBDC8D0038BFF1 /* CobaltViewController.xib */,
			);
			name = Controller;
			sourceTree = "<group>";
		};
		BE199A831CBBDC940038BFF1 /* Font */ = {
			isa = PBXGroup;
			children = (
				BE199A841CBBDCA10038BFF1 /* CobaltFont.h */,
				BE199A851CBBDCA10038BFF1 /* CobaltFontManager.h */,
				BE199A861CBBDCA10038BFF1 /* CobaltFontManager.m */,
			);
			name = Font;
			sourceTree = "<group>";
		};
		BE199A8A1CBBDCA90038BFF1 /* Model */ = {
			isa = PBXGroup;
			children = (
				BE199A8B1CBBDCBE0038BFF1 /* ImageManager.h */,
				BE199A8C1CBBDCBE0038BFF1 /* ImageManager.m */,
			);
			name = Model;
			sourceTree = "<group>";
		};
		BE199A8F1CBBDCC40038BFF1 /* Plugin */ = {
			isa = PBXGroup;
			children = (
				BE199A901CBBDCD30038BFF1 /* CobaltAbstractPlugin.h */,
				BE199A911CBBDCD30038BFF1 /* CobaltAbstractPlugin.m */,
				BE199A921CBBDCD30038BFF1 /* CobaltPluginManager.h */,
				BE199A931CBBDCD30038BFF1 /* CobaltPluginManager.m */,
			);
			name = Plugin;
			sourceTree = "<group>";
		};
		BE199A981CBBDCDA0038BFF1 /* Views */ = {
			isa = PBXGroup;
			children = (
				BE199A991CBBDCE20038BFF1 /* BackBarButtonItem */,
				BE199AA41CBBDD090038BFF1 /* CobaltBarButtonItem.h */,
				BE199AA51CBBDD090038BFF1 /* CobaltBarButtonItem.m */,
				BE199AA61CBBDD090038BFF1 /* CobaltButton.h */,
				BE199AA71CBBDD090038BFF1 /* CobaltButton.m */,
				BE199AA81CBBDD090038BFF1 /* CobaltToast.h */,
				BE199AA91CBBDD090038BFF1 /* CobaltToast.m */,
			);
			name = Views;
			sourceTree = "<group>";
		};
		BE199A991CBBDCE20038BFF1 /* BackBarButtonItem */ = {
			isa = PBXGroup;
			children = (
				BE199A9A1CBBDCF30038BFF1 /* BackBarButtonItem.h */,
				BE199A9B1CBBDCF30038BFF1 /* BackBarButtonItem.m */,
				BE199A9C1CBBDCF30038BFF1 /* backButton.png */,
				BE199A9D1CBBDCF30038BFF1 /* backButton@2x.png */,
				BE199A9E1CBBDCF30038BFF1 /* backButton@3x.png */,
			);
			name = BackBarButtonItem;
			sourceTree = "<group>";
		};
		BE199AB01CBBDD240038BFF1 /* Supporting Files */ = {
			isa = PBXGroup;
			children = (
				BE199A651CBBDB420038BFF1 /* Info.plist */,
				BE199AB11CBBDD390038BFF1 /* Cobalt-Prefix.pch */,
				BE199AB71CBBDD610038BFF1 /* Localizable.strings */,
			);
			name = "Supporting Files";
			sourceTree = "<group>";
		};
		BE199AB91CBBDDE40038BFF1 /* Frameworks */ = {
			isa = PBXGroup;
			children = (
				BE199ABA1CBBDDEE0038BFF1 /* iToast */,
			);
			name = Frameworks;
			sourceTree = "<group>";
		};
		BE199ABA1CBBDDEE0038BFF1 /* iToast */ = {
			isa = PBXGroup;
			children = (
				BE199ABB1CBBDDF80038BFF1 /* iToast.h */,
				BE199ABC1CBBDDF80038BFF1 /* iToast.m */,
			);
			name = iToast;
			sourceTree = "<group>";
		};
/* End PBXGroup section */

/* Begin PBXHeadersBuildPhase section */
		BE199A5D1CBBDB410038BFF1 /* Headers */ = {
			isa = PBXHeadersBuildPhase;
			buildActionMask = 2147483647;
			files = (
				BE199A881CBBDCA10038BFF1 /* CobaltFontManager.h in Headers */,
				BE199AAC1CBBDD090038BFF1 /* CobaltButton.h in Headers */,
				BE199ABD1CBBDDF80038BFF1 /* iToast.h in Headers */,
				BE199A871CBBDCA10038BFF1 /* CobaltFont.h in Headers */,
				BE199A9F1CBBDCF30038BFF1 /* BackBarButtonItem.h in Headers */,
				BE199A941CBBDCD30038BFF1 /* CobaltAbstractPlugin.h in Headers */,
				BE199A8D1CBBDCBE0038BFF1 /* ImageManager.h in Headers */,
				BE199A801CBBDC8D0038BFF1 /* CobaltViewController.h in Headers */,
				BE199A961CBBDCD30038BFF1 /* CobaltPluginManager.h in Headers */,
				BE199AAE1CBBDD090038BFF1 /* CobaltToast.h in Headers */,
				BE199AAA1CBBDD090038BFF1 /* CobaltBarButtonItem.h in Headers */,
				BE199AB21CBBDD390038BFF1 /* Cobalt-Prefix.pch in Headers */,
				BE199A641CBBDB420038BFF1 /* Cobalt.h in Headers */,
			);
			runOnlyForDeploymentPostprocessing = 0;
		};
/* End PBXHeadersBuildPhase section */

/* Begin PBXNativeTarget section */
		BE199A5F1CBBDB410038BFF1 /* Cobalt */ = {
			isa = PBXNativeTarget;
			buildConfigurationList = BE199A741CBBDB420038BFF1 /* Build configuration list for PBXNativeTarget "Cobalt" */;
			buildPhases = (
				BE199A5B1CBBDB410038BFF1 /* Sources */,
				BE199A5C1CBBDB410038BFF1 /* Frameworks */,
				BE199A5D1CBBDB410038BFF1 /* Headers */,
				BE199A5E1CBBDB410038BFF1 /* Resources */,
			);
			buildRules = (
			);
			dependencies = (
			);
			name = Cobalt;
			productName = Cobalt;
			productReference = BE199A601CBBDB410038BFF1 /* Cobalt.framework */;
			productType = "com.apple.product-type.framework";
		};
		BE199A691CBBDB420038BFF1 /* CobaltTests */ = {
			isa = PBXNativeTarget;
			buildConfigurationList = BE199A771CBBDB420038BFF1 /* Build configuration list for PBXNativeTarget "CobaltTests" */;
			buildPhases = (
				BE199A661CBBDB420038BFF1 /* Sources */,
				BE199A671CBBDB420038BFF1 /* Frameworks */,
				BE199A681CBBDB420038BFF1 /* Resources */,
			);
			buildRules = (
			);
			dependencies = (
				BE199A6D1CBBDB420038BFF1 /* PBXTargetDependency */,
			);
			name = CobaltTests;
			productName = CobaltTests;
			productReference = BE199A6A1CBBDB420038BFF1 /* CobaltTests.xctest */;
			productType = "com.apple.product-type.bundle.unit-test";
		};
/* End PBXNativeTarget section */

/* Begin PBXProject section */
		BE199A571CBBDB410038BFF1 /* Project object */ = {
			isa = PBXProject;
			attributes = {
				LastUpgradeCheck = 0730;
				ORGANIZATIONNAME = Cobaltians;
				TargetAttributes = {
					BE199A5F1CBBDB410038BFF1 = {
						CreatedOnToolsVersion = 7.3;
					};
					BE199A691CBBDB420038BFF1 = {
						CreatedOnToolsVersion = 7.3;
					};
				};
			};
			buildConfigurationList = BE199A5A1CBBDB410038BFF1 /* Build configuration list for PBXProject "Cobalt" */;
			compatibilityVersion = "Xcode 3.2";
			developmentRegion = English;
			hasScannedForEncodings = 0;
			knownRegions = (
				en,
				fr,
			);
			mainGroup = BE199A561CBBDB410038BFF1;
			productRefGroup = BE199A611CBBDB410038BFF1 /* Products */;
			projectDirPath = "";
			projectRoot = "";
			targets = (
				BE199A5F1CBBDB410038BFF1 /* Cobalt */,
				BE199A691CBBDB420038BFF1 /* CobaltTests */,
			);
		};
/* End PBXProject section */

/* Begin PBXResourcesBuildPhase section */
		BE199A5E1CBBDB410038BFF1 /* Resources */ = {
			isa = PBXResourcesBuildPhase;
			buildActionMask = 2147483647;
			files = (
				BE199AB51CBBDD610038BFF1 /* Localizable.strings in Resources */,
				BE199AA31CBBDCF30038BFF1 /* backButton@3x.png in Resources */,
				BE199AA11CBBDCF30038BFF1 /* backButton.png in Resources */,
				BE199AA21CBBDCF30038BFF1 /* backButton@2x.png in Resources */,
				BE199A821CBBDC8D0038BFF1 /* CobaltViewController.xib in Resources */,
			);
			runOnlyForDeploymentPostprocessing = 0;
		};
		BE199A681CBBDB420038BFF1 /* Resources */ = {
			isa = PBXResourcesBuildPhase;
			buildActionMask = 2147483647;
			files = (
			);
			runOnlyForDeploymentPostprocessing = 0;
		};
/* End PBXResourcesBuildPhase section */

/* Begin PBXSourcesBuildPhase section */
		BE199A5B1CBBDB410038BFF1 /* Sources */ = {
			isa = PBXSourcesBuildPhase;
			buildActionMask = 2147483647;
			files = (
				BE199A951CBBDCD30038BFF1 /* CobaltAbstractPlugin.m in Sources */,
				BE199AA01CBBDCF30038BFF1 /* BackBarButtonItem.m in Sources */,
				BE199A971CBBDCD30038BFF1 /* CobaltPluginManager.m in Sources */,
				BE199AAD1CBBDD090038BFF1 /* CobaltButton.m in Sources */,
				BE199A7B1CBBDC7A0038BFF1 /* Cobalt.m in Sources */,
				BE199A891CBBDCA10038BFF1 /* CobaltFontManager.m in Sources */,
				BE199AAB1CBBDD090038BFF1 /* CobaltBarButtonItem.m in Sources */,
				BE199A811CBBDC8D0038BFF1 /* CobaltViewController.m in Sources */,
				BE199ABE1CBBDDF80038BFF1 /* iToast.m in Sources */,
				BE199AAF1CBBDD090038BFF1 /* CobaltToast.m in Sources */,
				BE199A8E1CBBDCBE0038BFF1 /* ImageManager.m in Sources */,
			);
			runOnlyForDeploymentPostprocessing = 0;
		};
		BE199A661CBBDB420038BFF1 /* Sources */ = {
			isa = PBXSourcesBuildPhase;
			buildActionMask = 2147483647;
			files = (
				BE199A701CBBDB420038BFF1 /* CobaltTests.m in Sources */,
			);
			runOnlyForDeploymentPostprocessing = 0;
		};
/* End PBXSourcesBuildPhase section */

/* Begin PBXTargetDependency section */
		BE199A6D1CBBDB420038BFF1 /* PBXTargetDependency */ = {
			isa = PBXTargetDependency;
			target = BE199A5F1CBBDB410038BFF1 /* Cobalt */;
			targetProxy = BE199A6C1CBBDB420038BFF1 /* PBXContainerItemProxy */;
		};
/* End PBXTargetDependency section */

/* Begin PBXVariantGroup section */
		BE199AB71CBBDD610038BFF1 /* Localizable.strings */ = {
			isa = PBXVariantGroup;
			children = (
				BE199AB61CBBDD610038BFF1 /* en */,
				BE199AB81CBBDD8D0038BFF1 /* fr */,
			);
			name = Localizable.strings;
			sourceTree = "<group>";
		};
/* End PBXVariantGroup section */

/* Begin XCBuildConfiguration section */
		BE199A721CBBDB420038BFF1 /* Debug */ = {
			isa = XCBuildConfiguration;
			buildSettings = {
				ALWAYS_SEARCH_USER_PATHS = NO;
				CLANG_ANALYZER_NONNULL = YES;
				CLANG_CXX_LANGUAGE_STANDARD = "gnu++0x";
				CLANG_CXX_LIBRARY = "libc++";
				CLANG_ENABLE_MODULES = YES;
				CLANG_ENABLE_OBJC_ARC = YES;
				CLANG_WARN_BOOL_CONVERSION = YES;
				CLANG_WARN_CONSTANT_CONVERSION = YES;
				CLANG_WARN_DIRECT_OBJC_ISA_USAGE = YES_ERROR;
				CLANG_WARN_EMPTY_BODY = YES;
				CLANG_WARN_ENUM_CONVERSION = YES;
				CLANG_WARN_INT_CONVERSION = YES;
				CLANG_WARN_OBJC_ROOT_CLASS = YES_ERROR;
				CLANG_WARN_UNREACHABLE_CODE = YES;
				CLANG_WARN__DUPLICATE_METHOD_MATCH = YES;
				"CODE_SIGN_IDENTITY[sdk=iphoneos*]" = "iPhone Developer";
				COPY_PHASE_STRIP = NO;
				CURRENT_PROJECT_VERSION = 1;
				DEBUG_INFORMATION_FORMAT = dwarf;
				ENABLE_STRICT_OBJC_MSGSEND = YES;
				ENABLE_TESTABILITY = YES;
				GCC_C_LANGUAGE_STANDARD = gnu99;
				GCC_DYNAMIC_NO_PIC = NO;
				GCC_NO_COMMON_BLOCKS = YES;
				GCC_OPTIMIZATION_LEVEL = 0;
				GCC_PREPROCESSOR_DEFINITIONS = (
					"DEBUG=1",
					"$(inherited)",
				);
				GCC_WARN_64_TO_32_BIT_CONVERSION = YES;
				GCC_WARN_ABOUT_RETURN_TYPE = YES_ERROR;
				GCC_WARN_UNDECLARED_SELECTOR = YES;
				GCC_WARN_UNINITIALIZED_AUTOS = YES_AGGRESSIVE;
				GCC_WARN_UNUSED_FUNCTION = YES;
				GCC_WARN_UNUSED_VARIABLE = YES;
				IPHONEOS_DEPLOYMENT_TARGET = 8.1;
				MTL_ENABLE_DEBUG_INFO = YES;
				ONLY_ACTIVE_ARCH = YES;
				SDKROOT = iphoneos;
				TARGETED_DEVICE_FAMILY = "1,2";
				VERSIONING_SYSTEM = "apple-generic";
				VERSION_INFO_PREFIX = "";
			};
			name = Debug;
		};
		BE199A731CBBDB420038BFF1 /* Release */ = {
			isa = XCBuildConfiguration;
			buildSettings = {
				ALWAYS_SEARCH_USER_PATHS = NO;
				CLANG_ANALYZER_NONNULL = YES;
				CLANG_CXX_LANGUAGE_STANDARD = "gnu++0x";
				CLANG_CXX_LIBRARY = "libc++";
				CLANG_ENABLE_MODULES = YES;
				CLANG_ENABLE_OBJC_ARC = YES;
				CLANG_WARN_BOOL_CONVERSION = YES;
				CLANG_WARN_CONSTANT_CONVERSION = YES;
				CLANG_WARN_DIRECT_OBJC_ISA_USAGE = YES_ERROR;
				CLANG_WARN_EMPTY_BODY = YES;
				CLANG_WARN_ENUM_CONVERSION = YES;
				CLANG_WARN_INT_CONVERSION = YES;
				CLANG_WARN_OBJC_ROOT_CLASS = YES_ERROR;
				CLANG_WARN_UNREACHABLE_CODE = YES;
				CLANG_WARN__DUPLICATE_METHOD_MATCH = YES;
				"CODE_SIGN_IDENTITY[sdk=iphoneos*]" = "iPhone Developer";
				COPY_PHASE_STRIP = NO;
				CURRENT_PROJECT_VERSION = 1;
				DEBUG_INFORMATION_FORMAT = "dwarf-with-dsym";
				ENABLE_NS_ASSERTIONS = NO;
				ENABLE_STRICT_OBJC_MSGSEND = YES;
				GCC_C_LANGUAGE_STANDARD = gnu99;
				GCC_NO_COMMON_BLOCKS = YES;
				GCC_WARN_64_TO_32_BIT_CONVERSION = YES;
				GCC_WARN_ABOUT_RETURN_TYPE = YES_ERROR;
				GCC_WARN_UNDECLARED_SELECTOR = YES;
				GCC_WARN_UNINITIALIZED_AUTOS = YES_AGGRESSIVE;
				GCC_WARN_UNUSED_FUNCTION = YES;
				GCC_WARN_UNUSED_VARIABLE = YES;
				IPHONEOS_DEPLOYMENT_TARGET = 8.1;
				MTL_ENABLE_DEBUG_INFO = NO;
				SDKROOT = iphoneos;
				TARGETED_DEVICE_FAMILY = "1,2";
				VALIDATE_PRODUCT = YES;
				VERSIONING_SYSTEM = "apple-generic";
				VERSION_INFO_PREFIX = "";
			};
			name = Release;
		};
		BE199A751CBBDB420038BFF1 /* Debug */ = {
			isa = XCBuildConfiguration;
			buildSettings = {
				DEFINES_MODULE = YES;
				DYLIB_COMPATIBILITY_VERSION = 1;
				DYLIB_CURRENT_VERSION = 1;
				DYLIB_INSTALL_NAME_BASE = "@rpath";
				INFOPLIST_FILE = Cobalt/Info.plist;
				INSTALL_PATH = "$(LOCAL_LIBRARY_DIR)/Frameworks";
				LD_RUNPATH_SEARCH_PATHS = "$(inherited) @executable_path/Frameworks @loader_path/Frameworks";
				PRODUCT_BUNDLE_IDENTIFIER = org.cobaltians.Cobalt;
				PRODUCT_NAME = "$(TARGET_NAME)";
				SKIP_INSTALL = YES;
			};
			name = Debug;
		};
		BE199A761CBBDB420038BFF1 /* Release */ = {
			isa = XCBuildConfiguration;
			buildSettings = {
				DEFINES_MODULE = YES;
				DYLIB_COMPATIBILITY_VERSION = 1;
				DYLIB_CURRENT_VERSION = 1;
				DYLIB_INSTALL_NAME_BASE = "@rpath";
				INFOPLIST_FILE = Cobalt/Info.plist;
				INSTALL_PATH = "$(LOCAL_LIBRARY_DIR)/Frameworks";
				LD_RUNPATH_SEARCH_PATHS = "$(inherited) @executable_path/Frameworks @loader_path/Frameworks";
				PRODUCT_BUNDLE_IDENTIFIER = org.cobaltians.Cobalt;
				PRODUCT_NAME = "$(TARGET_NAME)";
				SKIP_INSTALL = YES;
			};
			name = Release;
		};
		BE199A781CBBDB420038BFF1 /* Debug */ = {
			isa = XCBuildConfiguration;
			buildSettings = {
				INFOPLIST_FILE = CobaltTests/Info.plist;
				LD_RUNPATH_SEARCH_PATHS = "$(inherited) @executable_path/Frameworks @loader_path/Frameworks";
				PRODUCT_BUNDLE_IDENTIFIER = org.cobaltians.CobaltTests;
				PRODUCT_NAME = "$(TARGET_NAME)";
			};
			name = Debug;
		};
		BE199A791CBBDB420038BFF1 /* Release */ = {
			isa = XCBuildConfiguration;
			buildSettings = {
				INFOPLIST_FILE = CobaltTests/Info.plist;
				LD_RUNPATH_SEARCH_PATHS = "$(inherited) @executable_path/Frameworks @loader_path/Frameworks";
				PRODUCT_BUNDLE_IDENTIFIER = org.cobaltians.CobaltTests;
				PRODUCT_NAME = "$(TARGET_NAME)";
			};
			name = Release;
		};
/* End XCBuildConfiguration section */

/* Begin XCConfigurationList section */
		BE199A5A1CBBDB410038BFF1 /* Build configuration list for PBXProject "Cobalt" */ = {
			isa = XCConfigurationList;
			buildConfigurations = (
				BE199A721CBBDB420038BFF1 /* Debug */,
				BE199A731CBBDB420038BFF1 /* Release */,
			);
			defaultConfigurationIsVisible = 0;
			defaultConfigurationName = Release;
		};
		BE199A741CBBDB420038BFF1 /* Build configuration list for PBXNativeTarget "Cobalt" */ = {
			isa = XCConfigurationList;
			buildConfigurations = (
				BE199A751CBBDB420038BFF1 /* Debug */,
				BE199A761CBBDB420038BFF1 /* Release */,
			);
			defaultConfigurationIsVisible = 0;
			defaultConfigurationName = Release;
		};
		BE199A771CBBDB420038BFF1 /* Build configuration list for PBXNativeTarget "CobaltTests" */ = {
			isa = XCConfigurationList;
			buildConfigurations = (
				BE199A781CBBDB420038BFF1 /* Debug */,
				BE199A791CBBDB420038BFF1 /* Release */,
			);
			defaultConfigurationIsVisible = 0;
			defaultConfigurationName = Release;
		};
/* End XCConfigurationList section */
	};
	rootObject = BE199A571CBBDB410038BFF1 /* Project object */;
}
